
Microsoft Visual Studio Solution File, Format Version 12.00
# Visual Studio Version 17
VisualStudioVersion = 17.4.33122.133
MinimumVisualStudioVersion = 10.0.40219.1
Project("{FAE04EC0-301F-11D3-BF4B-00C04F79EFBC}") = "LinqTutorial_19dec2022_1", "LinqTutorial_19dec2022_1\LinqTutorial_19dec2022_1.csproj", "{10E59979-4518-4AEF-9012-04044ECD3C09}"
EndProject
Global
	GlobalSection(SolutionConfigurationPlatforms) = preSolution
		Debug|Any CPU = Debug|Any CPU
		Release|Any CPU = Release|Any CPU
	EndGlobalSection
	GlobalSection(ProjectConfigurationPlatforms) = postSolution
		{10E59979-4518-4AEF-9012-04044ECD3C09}.Debug|Any CPU.ActiveCfg = Debug|Any CPU
		{10E59979-4518-4AEF-9012-04044ECD3C09}.Debug|Any CPU.Build.0 = Debug|Any CPU
		{10E59979-4518-4AEF-9012-04044ECD3C09}.Release|Any CPU.ActiveCfg = Release|Any CPU
		{10E59979-4518-4AEF-9012-04044ECD3C09}.Release|Any CPU.Build.0 = Release|Any CPU
	EndGlobalSection
	GlobalSection(SolutionProperties) = preSolution
		HideSolutionNode = FALSE
	EndGlobalSection
	GlobalSection(ExtensibilityGlobals) = postSolution
		SolutionGuid = {D306ADD4-679E-443A-9B57-D3F3B8B13149}
	EndGlobalSection
EndGlobal
